// !$*UTF8*$!
{
	archiveVersion = 1;
	classes = {
	};
	objectVersion = 46;
	objects = {

/* Begin PBXBuildFile section */
		1963EABA198D50A2001999FB /* Foundation.framework in Frameworks */ = {isa = PBXBuildFile; fileRef = 1963EAB9198D50A2001999FB /* Foundation.framework */; };
		1963EABC198D50A2001999FB /* CoreGraphics.framework in Frameworks */ = {isa = PBXBuildFile; fileRef = 1963EABB198D50A2001999FB /* CoreGraphics.framework */; };
		1963EABE198D50A2001999FB /* UIKit.framework in Frameworks */ = {isa = PBXBuildFile; fileRef = 1963EABD198D50A2001999FB /* UIKit.framework */; };
		1963EAC6198D50A2001999FB /* main.m in Sources */ = {isa = PBXBuildFile; fileRef = 1963EAC5198D50A2001999FB /* main.m */; };
		1963EACA198D50A2001999FB /* AppDelegate.m in Sources */ = {isa = PBXBuildFile; fileRef = 1963EAC9198D50A2001999FB /* AppDelegate.m */; };
		1963EACC198D50A2001999FB /* Images.xcassets in Resources */ = {isa = PBXBuildFile; fileRef = 1963EACB198D50A2001999FB /* Images.xcassets */; };
		1963EAEC198D5230001999FB /* LanguaueManager.m in Sources */ = {isa = PBXBuildFile; fileRef = 1963EAEB198D5230001999FB /* LanguaueManager.m */; };
		1963EAF1198D5859001999FB /* MainViewController.m in Sources */ = {isa = PBXBuildFile; fileRef = 1963EAF0198D5859001999FB /* MainViewController.m */; };
		1963EAF3198D67FB001999FB /* MainViewController.xib in Resources */ = {isa = PBXBuildFile; fileRef = 1963EAF2198D67FB001999FB /* MainViewController.xib */; };
		1963EAF8198DC86C001999FB /* Localizable.strings in Resources */ = {isa = PBXBuildFile; fileRef = 1963EAF6198DC86C001999FB /* Localizable.strings */; };
/* End PBXBuildFile section */

/* Begin PBXFileReference section */
		1963EAB6198D50A2001999FB /* LocalizableLanguaue.app */ = {isa = PBXFileReference; explicitFileType = wrapper.application; includeInIndex = 0; path = LocalizableLanguaue.app; sourceTree = BUILT_PRODUCTS_DIR; };
		1963EAB9198D50A2001999FB /* Foundation.framework */ = {isa = PBXFileReference; lastKnownFileType = wrapper.framework; name = Foundation.framework; path = System/Library/Frameworks/Foundation.framework; sourceTree = SDKROOT; };
		1963EABB198D50A2001999FB /* CoreGraphics.framework */ = {isa = PBXFileReference; lastKnownFileType = wrapper.framework; name = CoreGraphics.framework; path = System/Library/Frameworks/CoreGraphics.framework; sourceTree = SDKROOT; };
		1963EABD198D50A2001999FB /* UIKit.framework */ = {isa = PBXFileReference; lastKnownFileType = wrapper.framework; name = UIKit.framework; path = System/Library/Frameworks/UIKit.framework; sourceTree = SDKROOT; };
		1963EAC1198D50A2001999FB /* LocalizableLanguaue-Info.plist */ = {isa = PBXFileReference; lastKnownFileType = text.plist.xml; path = "LocalizableLanguaue-Info.plist"; sourceTree = "<group>"; };
		1963EAC5198D50A2001999FB /* main.m */ = {isa = PBXFileReference; lastKnownFileType = sourcecode.c.objc; path = main.m; sourceTree = "<group>"; };
		1963EAC7198D50A2001999FB /* LocalizableLanguaue-Prefix.pch */ = {isa = PBXFileReference; lastKnownFileType = sourcecode.c.h; path = "LocalizableLanguaue-Prefix.pch"; sourceTree = "<group>"; };
		1963EAC8198D50A2001999FB /* AppDelegate.h */ = {isa = PBXFileReference; lastKnownFileType = sourcecode.c.h; path = AppDelegate.h; sourceTree = "<group>"; };
		1963EAC9198D50A2001999FB /* AppDelegate.m */ = {isa = PBXFileReference; lastKnownFileType = sourcecode.c.objc; path = AppDelegate.m; sourceTree = "<group>"; };
		1963EACB198D50A2001999FB /* Images.xcassets */ = {isa = PBXFileReference; lastKnownFileType = folder.assetcatalog; path = Images.xcassets; sourceTree = "<group>"; };
		1963EAD2198D50A2001999FB /* XCTest.framework */ = {isa = PBXFileReference; lastKnownFileType = wrapper.framework; name = XCTest.framework; path = Library/Frameworks/XCTest.framework; sourceTree = DEVELOPER_DIR; };
		1963EAEA198D5230001999FB /* LanguaueManager.h */ = {isa = PBXFileReference; fileEncoding = 4; lastKnownFileType = sourcecode.c.h; path = LanguaueManager.h; sourceTree = "<group>"; };
		1963EAEB198D5230001999FB /* LanguaueManager.m */ = {isa = PBXFileReference; fileEncoding = 4; lastKnownFileType = sourcecode.c.objc; path = LanguaueManager.m; sourceTree = "<group>"; };
		1963EAEF198D5859001999FB /* MainViewController.h */ = {isa = PBXFileReference; fileEncoding = 4; lastKnownFileType = sourcecode.c.h; path = MainViewController.h; sourceTree = "<group>"; };
		1963EAF0198D5859001999FB /* MainViewController.m */ = {isa = PBXFileReference; fileEncoding = 4; lastKnownFileType = sourcecode.c.objc; path = MainViewController.m; sourceTree = "<group>"; };
		1963EAF2198D67FB001999FB /* MainViewController.xib */ = {isa = PBXFileReference; fileEncoding = 4; lastKnownFileType = file.xib; name = MainViewController.xib; path = ../MainViewController.xib; sourceTree = "<group>"; };
		1963EAF7198DC86C001999FB /* en */ = {isa = PBXFileReference; lastKnownFileType = text.plist.strings; name = en; path = LocalizableLanguaue/en.lproj/Localizable.strings; sourceTree = "<group>"; };
		1963EB02198DC8C9001999FB /* zh-Hans */ = {isa = PBXFileReference; lastKnownFileType = text.plist.strings; name = "zh-Hans"; path = "LocalizableLanguaue/zh-Hans.lproj/Localizable.strings"; sourceTree = "<group>"; };
		1963EB03198DC8D3001999FB /* zh-Hant */ = {isa = PBXFileReference; lastKnownFileType = text.plist.strings; name = "zh-Hant"; path = "LocalizableLanguaue/zh-Hant.lproj/Localizable.strings"; sourceTree = "<group>"; };
/* End PBXFileReference section */

/* Begin PBXFrameworksBuildPhase section */
		1963EAB3198D50A2001999FB /* Frameworks */ = {
			isa = PBXFrameworksBuildPhase;
			buildActionMask = 2147483647;
			files = (
				1963EABC198D50A2001999FB /* CoreGraphics.framework in Frameworks */,
				1963EABE198D50A2001999FB /* UIKit.framework in Frameworks */,
				1963EABA198D50A2001999FB /* Foundation.framework in Frameworks */,
			);
			runOnlyForDeploymentPostprocessing = 0;
		};
/* End PBXFrameworksBuildPhase section */

/* Begin PBXGroup section */
		1963EAAD198D50A2001999FB = {
			isa = PBXGroup;
			children = (
				1963EABF198D50A2001999FB /* LocalizableLanguaue */,
				1963EAB8198D50A2001999FB /* Frameworks */,
				1963EAB7198D50A2001999FB /* Products */,
			);
			sourceTree = "<group>";
		};
		1963EAB7198D50A2001999FB /* Products */ = {
			isa = PBXGroup;
			children = (
				1963EAB6198D50A2001999FB /* LocalizableLanguaue.app */,
			);
			name = Products;
			sourceTree = "<group>";
		};
		1963EAB8198D50A2001999FB /* Frameworks */ = {
			isa = PBXGroup;
			children = (
				1963EAB9198D50A2001999FB /* Foundation.framework */,
				1963EABB198D50A2001999FB /* CoreGraphics.framework */,
				1963EABD198D50A2001999FB /* UIKit.framework */,
				1963EAD2198D50A2001999FB /* XCTest.framework */,
			);
			name = Frameworks;
			sourceTree = "<group>";
		};
		1963EABF198D50A2001999FB /* LocalizableLanguaue */ = {
			isa = PBXGroup;
			children = (
				1963EAC8198D50A2001999FB /* AppDelegate.h */,
				1963EAC9198D50A2001999FB /* AppDelegate.m */,
				1963EACB198D50A2001999FB /* Images.xcassets */,
				1963EAC0198D50A2001999FB /* Supporting Files */,
				1963EAEA198D5230001999FB /* LanguaueManager.h */,
				1963EAEB198D5230001999FB /* LanguaueManager.m */,
				1963EAF2198D67FB001999FB /* MainViewController.xib */,
				1963EAEF198D5859001999FB /* MainViewController.h */,
				1963EAF0198D5859001999FB /* MainViewController.m */,
			);
			path = LocalizableLanguaue;
			sourceTree = "<group>";
		};
		1963EAC0198D50A2001999FB /* Supporting Files */ = {
			isa = PBXGroup;
			children = (
				1963EAC1198D50A2001999FB /* LocalizableLanguaue-Info.plist */,
				1963EAF6198DC86C001999FB /* Localizable.strings */,
				1963EAC5198D50A2001999FB /* main.m */,
				1963EAC7198D50A2001999FB /* LocalizableLanguaue-Prefix.pch */,
			);
			name = "Supporting Files";
			sourceTree = "<group>";
		};
/* End PBXGroup section */

/* Begin PBXNativeTarget section */
		1963EAB5198D50A2001999FB /* LocalizableLanguaue */ = {
			isa = PBXNativeTarget;
			buildConfigurationList = 1963EAE2198D50A2001999FB /* Build configuration list for PBXNativeTarget "LocalizableLanguaue" */;
			buildPhases = (
				1963EAB2198D50A2001999FB /* Sources */,
				1963EAB3198D50A2001999FB /* Frameworks */,
				1963EAB4198D50A2001999FB /* Resources */,
			);
			buildRules = (
			);
			dependencies = (
			);
			name = LocalizableLanguaue;
			productName = LocalizableLanguaue;
			productReference = 1963EAB6198D50A2001999FB /* LocalizableLanguaue.app */;
			productType = "com.apple.product-type.application";
		};
/* End PBXNativeTarget section */

/* Begin PBXProject section */
		1963EAAE198D50A2001999FB /* Project object */ = {
			isa = PBXProject;
			attributes = {
				LastUpgradeCheck = 0510;
				ORGANIZATIONNAME = linxiaodong;
			};
			buildConfigurationList = 1963EAB1198D50A2001999FB /* Build configuration list for PBXProject "LocalizableLanguaue" */;
			compatibilityVersion = "Xcode 3.2";
			developmentRegion = English;
			hasScannedForEncodings = 0;
			knownRegions = (
				en,
				"zh-Hans",
				"zh-Hant",
			);
			mainGroup = 1963EAAD198D50A2001999FB;
			productRefGroup = 1963EAB7198D50A2001999FB /* Products */;
			projectDirPath = "";
			projectRoot = "";
			targets = (
				1963EAB5198D50A2001999FB /* LocalizableLanguaue */,
			);
		};
/* End PBXProject section */

/* Begin PBXResourcesBuildPhase section */
		1963EAB4198D50A2001999FB /* Resources */ = {
			isa = PBXResourcesBuildPhase;
			buildActionMask = 2147483647;
			files = (
				1963EAF8198DC86C001999FB /* Localizable.strings in Resources */,
				1963EACC198D50A2001999FB /* Images.xcassets in Resources */,
				1963EAF3198D67FB001999FB /* MainViewController.xib in Resources */,
			);
			runOnlyForDeploymentPostprocessing = 0;
		};
/* End PBXResourcesBuildPhase section */

/* Begin PBXSourcesBuildPhase section */
		1963EAB2198D50A2001999FB /* Sources */ = {
			isa = PBXSourcesBuildPhase;
			buildActionMask = 2147483647;
			files = (
				1963EACA198D50A2001999FB /* AppDelegate.m in Sources */,
				1963EAC6198D50A2001999FB /* main.m in Sources */,
				1963EAEC198D5230001999FB /* LanguaueManager.m in Sources */,
				1963EAF1198D5859001999FB /* MainViewController.m in Sources */,
			);
			runOnlyForDeploymentPostprocessing = 0;
		};
/* End PBXSourcesBuildPhase section */

/* Begin PBXVariantGroup section */
		1963EAF6198DC86C001999FB /* Localizable.strings */ = {
			isa = PBXVariantGroup;
			children = (
				1963EAF7198DC86C001999FB /* en */,
				1963EB02198DC8C9001999FB /* zh-Hans */,
				1963EB03198DC8D3001999FB /* zh-Hant */,
			);
			name = Localizable.strings;
			path = ..;
			sourceTree = "<group>";
		};
/* End PBXVariantGroup section */

/* Begin XCBuildConfiguration section */
		1963EAE0198D50A2001999FB /* Debug */ = {
			isa = XCBuildConfiguration;
			buildSettings = {
				ALWAYS_SEARCH_USER_PATHS = NO;
				CLANG_CXX_LANGUAGE_STANDARD = "gnu++0x";
				CLANG_CXX_LIBRARY = "libc++";
				CLANG_ENABLE_MODULES = YES;
				CLANG_ENABLE_OBJC_ARC = YES;
				CLANG_WARN_BOOL_CONVERSION = YES;
				CLANG_WARN_CONSTANT_CONVERSION = YES;
				CLANG_WARN_DIRECT_OBJC_ISA_USAGE = YES_ERROR;
				CLANG_WARN_EMPTY_BODY = YES;
				CLANG_WARN_ENUM_CONVERSION = YES;
				CLANG_WARN_INT_CONVERSION = YES;
				CLANG_WARN_OBJC_ROOT_CLASS = YES_ERROR;
				CLANG_WARN__DUPLICATE_METHOD_MATCH = YES;
				"CODE_SIGN_IDENTITY[sdk=iphoneos*]" = "iPhone Developer";
				COPY_PHASE_STRIP = NO;
				GCC_C_LANGUAGE_STANDARD = gnu99;
				GCC_DYNAMIC_NO_PIC = NO;
				GCC_OPTIMIZATION_LEVEL = 0;
				GCC_PREPROCESSOR_DEFINITIONS = (
					"DEBUG=1",
					"$(inherited)",
				);
				GCC_SYMBOLS_PRIVATE_EXTERN = NO;
				GCC_WARN_64_TO_32_BIT_CONVERSION = YES;
				GCC_WARN_ABOUT_RETURN_TYPE = YES_ERROR;
				GCC_WARN_UNDECLARED_SELECTOR = YES;
				GCC_WARN_UNINITIALIZED_AUTOS = YES_AGGRESSIVE;
				GCC_WARN_UNUSED_FUNCTION = YES;
				GCC_WARN_UNUSED_VARIABLE = YES;
				IPHONEOS_DEPLOYMENT_TARGET = 7.1;
				ONLY_ACTIVE_ARCH = YES;
				SDKROOT = iphoneos;
				TARGETED_DEVICE_FAMILY = "1,2";
			};
			name = Debug;
		};
		1963EAE1198D50A2001999FB /* Release */ = {
			isa = XCBuildConfiguration;
			buildSettings = {
				ALWAYS_SEARCH_USER_PATHS = NO;
				CLANG_CXX_LANGUAGE_STANDARD = "gnu++0x";
				CLANG_CXX_LIBRARY = "libc++";
				CLANG_ENABLE_MODULES = YES;
				CLANG_ENABLE_OBJC_ARC = YES;
				CLANG_WARN_BOOL_CONVERSION = YES;
				CLANG_WARN_CONSTANT_CONVERSION = YES;
				CLANG_WARN_DIRECT_OBJC_ISA_USAGE = YES_ERROR;
				CLANG_WARN_EMPTY_BODY = YES;
				CLANG_WARN_ENUM_CONVERSION = YES;
				CLANG_WARN_INT_CONVERSION = YES;
				CLANG_WARN_OBJC_ROOT_CLASS = YES_ERROR;
				CLANG_WARN__DUPLICATE_METHOD_MATCH = YES;
				"CODE_SIGN_IDENTITY[sdk=iphoneos*]" = "iPhone Developer";
				COPY_PHASE_STRIP = YES;
				ENABLE_NS_ASSERTIONS = NO;
				GCC_C_LANGUAGE_STANDARD = gnu99;
				GCC_WARN_64_TO_32_BIT_CONVERSION = YES;
				GCC_WARN_ABOUT_RETURN_TYPE = YES_ERROR;
				GCC_WARN_UNDECLARED_SELECTOR = YES;
				GCC_WARN_UNINITIALIZED_AUTOS = YES_AGGRESSIVE;
				GCC_WARN_UNUSED_FUNCTION = YES;
				GCC_WARN_UNUSED_VARIABLE = YES;
				IPHONEOS_DEPLOYMENT_TARGET = 7.1;
				SDKROOT = iphoneos;
				TARGETED_DEVICE_FAMILY = "1,2";
				VALIDATE_PRODUCT = YES;
			};
			name = Release;
		};
		1963EAE3198D50A2001999FB /* Debug */ = {
			isa = XCBuildConfiguration;
			buildSettings = {
				ASSETCATALOG_COMPILER_APPICON_NAME = AppIcon;
				ASSETCATALOG_COMPILER_LAUNCHIMAGE_NAME = LaunchImage;
				GCC_PRECOMPILE_PREFIX_HEADER = YES;
				GCC_PREFIX_HEADER = "LocalizableLanguaue/LocalizableLanguaue-Prefix.pch";
				INFOPLIST_FILE = "LocalizableLanguaue/LocalizableLanguaue-Info.plist";
				IPHONEOS_DEPLOYMENT_TARGET = 6.0;
				PRODUCT_NAME = "$(TARGET_NAME)";
				WRAPPER_EXTENSION = app;
			};
			name = Debug;
		};
		1963EAE4198D50A2001999FB /* Release */ = {
			isa = XCBuildConfiguration;
			buildSettings = {
				ASSETCATALOG_COMPILER_APPICON_NAME = AppIcon;
				ASSETCATALOG_COMPILER_LAUNCHIMAGE_NAME = LaunchImage;
				GCC_PRECOMPILE_PREFIX_HEADER = YES;
				GCC_PREFIX_HEADER = "LocalizableLanguaue/LocalizableLanguaue-Prefix.pch";
				INFOPLIST_FILE = "LocalizableLanguaue/LocalizableLanguaue-Info.plist";
				IPHONEOS_DEPLOYMENT_TARGET = 6.0;
				PRODUCT_NAME = "$(TARGET_NAME)";
				WRAPPER_EXTENSION = app;
			};
			name = Release;
		};
/* End XCBuildConfiguration section */

/* Begin XCConfigurationList section */
		1963EAB1198D50A2001999FB /* Build configuration list for PBXProject "LocalizableLanguaue" */ = {
			isa = XCConfigurationList;
			buildConfigurations = (
				1963EAE0198D50A2001999FB /* Debug */,
				1963EAE1198D50A2001999FB /* Release */,
			);
			defaultConfigurationIsVisible = 0;
			defaultConfigurationName = Release;
		};
		1963EAE2198D50A2001999FB /* Build configuration list for PBXNativeTarget "LocalizableLanguaue" */ = {
			isa = XCConfigurationList;
			buildConfigurations = (
				1963EAE3198D50A2001999FB /* Debug */,
				1963EAE4198D50A2001999FB /* Release */,
			);
			defaultConfigurationIsVisible = 0;
		};
/* End XCConfigurationList section */
	};
	rootObject = 1963EAAE198D50A2001999FB /* Project object */;
}
